{
  "name": "orm-world",
  "lockfileVersion": 3,
  "requires": true,
  "packages": {
    "": {
      "dependencies": {
        "@types/sequelize": "^4.28.15"
      }
    },
    "node_modules/@types/bluebird": {
      "version": "3.5.38",
      "resolved": "https://registry.npmjs.org/@types/bluebird/-/bluebird-3.5.38.tgz",
      "integrity": "sha512-yR/Kxc0dd4FfwtEoLZMoqJbM/VE/W7hXn/MIjb+axcwag0iFmSPK7OBUZq1YWLynJUoWQkfUrI7T0HDqGApNSg=="
    },
    "node_modules/@types/continuation-local-storage": {
      "version": "3.2.4",
      "resolved": "https://registry.npmjs.org/@types/continuation-local-storage/-/continuation-local-storage-3.2.4.tgz",
      "integrity": "sha512-OT32vCVMymU1JMPKDeY0lX3cduAr0Pm/VwIbxygMeDS4lRcv57qYXn9bMwBRcRnEpXKBb/r4xYaZCARTZllP0A==",
      "dependencies": {
        "@types/node": "*"
      }
    },
    "node_modules/@types/lodash": {
      "version": "4.14.194",
      "resolved": "https://registry.npmjs.org/@types/lodash/-/lodash-4.14.194.tgz",
      "integrity": "sha512-r22s9tAS7imvBt2lyHC9B8AGwWnXaYb1tY09oyLkXDs4vArpYJzw09nj8MLx5VfciBPGIb+ZwG0ssYnEPJxn/g=="
    },
    "node_modules/@types/node": {
      "version": "20.1.0",
      "resolved": "https://registry.npmjs.org/@types/node/-/node-20.1.0.tgz",
      "integrity": "sha512-O+z53uwx64xY7D6roOi4+jApDGFg0qn6WHcxe5QeqjMaTezBO/mxdfFXIVAVVyNWKx84OmPB3L8kbVYOTeN34A=="
    },
    "node_modules/@types/sequelize": {
      "version": "4.28.15",
      "resolved": "https://registry.npmjs.org/@types/sequelize/-/sequelize-4.28.15.tgz",
      "integrity": "sha512-DlwOs4Dz2s+bDlL4RFxl5mJZJC2r1Z7/hlTPIF0JF1RciivH120yEQF0gYQI9NXd3+KJOmvFyScaEO/7dxGQew==",
      "dependencies": {
        "@types/bluebird": "*",
        "@types/continuation-local-storage": "*",
        "@types/lodash": "*",
        "@types/validator": "*"
      }
    },
    "node_modules/@types/validator": {
      "version": "13.7.15",
      "resolved": "https://registry.npmjs.org/@types/validator/-/validator-13.7.15.tgz",
      "integrity": "sha512-yeinDVQunb03AEP8luErFcyf/7Lf7AzKCD0NXfgVoGCCQDNpZET8Jgq74oBgqKld3hafLbfzt/3inUdQvaFeXQ=="
    }
  }
}
